
Microsoft Visual Studio Solution File, Format Version 12.00
# Visual Studio Version 17
VisualStudioVersion = 17.4.33205.214
MinimumVisualStudioVersion = 10.0.40219.1
Project("{9A19103F-16F7-4668-BE54-9A1E7A4F7556}") = "Sharp Lutsenko", "kek\Sharp Lutsenko.csproj", "{740A468C-7461-4C28-93BE-7D8D49DE8A51}"
EndProject
Global
	GlobalSection(SolutionConfigurationPlatforms) = preSolution
		Debug|Any CPU = Debug|Any CPU
		Release|Any CPU = Release|Any CPU
	EndGlobalSection
	GlobalSection(ProjectConfigurationPlatforms) = postSolution
		{740A468C-7461-4C28-93BE-7D8D49DE8A51}.Debug|Any CPU.ActiveCfg = Debug|Any CPU
		{740A468C-7461-4C28-93BE-7D8D49DE8A51}.Debug|Any CPU.Build.0 = Debug|Any CPU
		{740A468C-7461-4C28-93BE-7D8D49DE8A51}.Release|Any CPU.ActiveCfg = Release|Any CPU
		{740A468C-7461-4C28-93BE-7D8D49DE8A51}.Release|Any CPU.Build.0 = Release|Any CPU
	EndGlobalSection
	GlobalSection(SolutionProperties) = preSolution
		HideSolutionNode = FALSE
	EndGlobalSection
	GlobalSection(ExtensibilityGlobals) = postSolution
		SolutionGuid = {F5563A75-1B70-4EEE-9AB5-1EABF363D194}
	EndGlobalSection
EndGlobal
